<?xml version="1.0" encoding="utf-8"?>
<Project ToolsVersion="4.0" xmlns="http://schemas.microsoft.com/developer/msbuild/2003">
  <ItemGroup>
    <Filter Include="Source Files">
      <UniqueIdentifier>{4FC737F1-C7A5-4376-A066-2A32D752A2FF}</UniqueIdentifier>
      <Extensions>cpp;c;cc;cxx;def;odl;idl;hpj;bat;asm;asmx</Extensions>
    </Filter>
    <Filter Include="Header Files">
      <UniqueIdentifier>{93995380-89BD-4b04-88EB-625FBE52EBFB}</UniqueIdentifier>
      <Extensions>h;hh;hpp;hxx;hm;inl;inc;ipp;xsd</Extensions>
    </Filter>
    <Filter Include="Resource Files">
      <UniqueIdentifier>{67DA6AB6-F800-4c08-8B7A-83BB121AAD01}</UniqueIdentifier>
      <Extensions>rc;ico;cur;bmp;dlg;rc2;rct;bin;rgs;gif;jpg;jpeg;jpe;resx;tiff;tif;png;wav;mfcribbon-ms</Extensions>
    </Filter>
    <Filter Include="Source Files\McEliece">
      <UniqueIdentifier>{2e67fbc9-5e95-4f20-9111-1aceaff16c78}</UniqueIdentifier>
    </Filter>
    <Filter Include="Source Files\SipHash">
      <UniqueIdentifier>{778eabc5-a34e-4378-ad64-7447aa91d96d}</UniqueIdentifier>
    </Filter>
    <Filter Include="Source Files\Common">
      <UniqueIdentifier>{d921f82a-394f-4834-8e6b-1ec1fe9216ec}</UniqueIdentifier>
    </Filter>
    <Filter Include="Source Files\NTRUPrime">
      <UniqueIdentifier>{2f9e8f25-6459-43a6-98d0-87a6815caa1f}</UniqueIdentifier>
    </Filter>
    <Filter Include="Header Files\McEliece">
      <UniqueIdentifier>{59ba49e5-246b-450d-a791-550121daaad1}</UniqueIdentifier>
    </Filter>
    <Filter Include="Header Files\NTRUPrime">
      <UniqueIdentifier>{f5e66d08-d0ff-4d09-86e8-ca692ebaf005}</UniqueIdentifier>
    </Filter>
    <Filter Include="Header Files\Common">
      <UniqueIdentifier>{45ca645a-2287-40f6-bc7f-f480ab2ae6cf}</UniqueIdentifier>
    </Filter>
    <Filter Include="Source Files\NewHope">
      <UniqueIdentifier>{ebf915d5-0a77-40c9-afef-aeabe4d43605}</UniqueIdentifier>
    </Filter>
    <Filter Include="Header Files\NewHope">
      <UniqueIdentifier>{2da00a30-7c2b-4b3f-8a06-dfc79614d142}</UniqueIdentifier>
    </Filter>
  </ItemGroup>
  <ItemGroup>
    <ClInclude Include="targetver.h">
      <Filter>Header Files</Filter>
    </ClInclude>
    <ClInclude Include="QuantumGateCryptoLib.h">
      <Filter>Header Files</Filter>
    </ClInclude>
    <ClInclude Include="McEliece\Optimized_Implementation\kem\mceliece8192128\crypto_hash.h">
      <Filter>Header Files\McEliece</Filter>
    </ClInclude>
    <ClInclude Include="McEliece\Optimized_Implementation\kem\mceliece8192128\benes.h">
      <Filter>Header Files\McEliece</Filter>
    </ClInclude>
    <ClInclude Include="McEliece\Optimized_Implementation\kem\mceliece8192128\bm.h">
      <Filter>Header Files\McEliece</Filter>
    </ClInclude>
    <ClInclude Include="McEliece\Optimized_Implementation\kem\mceliece8192128\controlbits.h">
      <Filter>Header Files\McEliece</Filter>
    </ClInclude>
    <ClInclude Include="McEliece\Optimized_Implementation\kem\mceliece8192128\crypto_kem_mceliece8192128.h">
      <Filter>Header Files\McEliece</Filter>
    </ClInclude>
    <ClInclude Include="McEliece\Optimized_Implementation\kem\mceliece8192128\gf.h">
      <Filter>Header Files\McEliece</Filter>
    </ClInclude>
    <ClInclude Include="McEliece\Optimized_Implementation\kem\mceliece8192128\decrypt.h">
      <Filter>Header Files\McEliece</Filter>
    </ClInclude>
    <ClInclude Include="McEliece\Optimized_Implementation\kem\mceliece8192128\encrypt.h">
      <Filter>Header Files\McEliece</Filter>
    </ClInclude>
    <ClInclude Include="McEliece\Optimized_Implementation\kem\mceliece8192128\operations.h">
      <Filter>Header Files\McEliece</Filter>
    </ClInclude>
    <ClInclude Include="McEliece\Optimized_Implementation\kem\mceliece8192128\params.h">
      <Filter>Header Files\McEliece</Filter>
    </ClInclude>
    <ClInclude Include="McEliece\Optimized_Implementation\kem\mceliece8192128\pk_gen.h">
      <Filter>Header Files\McEliece</Filter>
    </ClInclude>
    <ClInclude Include="McEliece\Optimized_Implementation\kem\mceliece8192128\randombytes.h">
      <Filter>Header Files\McEliece</Filter>
    </ClInclude>
    <ClInclude Include="McEliece\Optimized_Implementation\kem\mceliece8192128\root.h">
      <Filter>Header Files\McEliece</Filter>
    </ClInclude>
    <ClInclude Include="McEliece\Optimized_Implementation\kem\mceliece8192128\sk_gen.h">
      <Filter>Header Files\McEliece</Filter>
    </ClInclude>
    <ClInclude Include="McEliece\Optimized_Implementation\kem\mceliece8192128\synd.h">
      <Filter>Header Files\McEliece</Filter>
    </ClInclude>
    <ClInclude Include="McEliece\Optimized_Implementation\kem\mceliece8192128\transpose.h">
      <Filter>Header Files\McEliece</Filter>
    </ClInclude>
    <ClInclude Include="McEliece\Optimized_Implementation\kem\mceliece8192128\util.h">
      <Filter>Header Files\McEliece</Filter>
    </ClInclude>
    <ClInclude Include="McEliece\Optimized_Implementation\kem\mceliece8192128\crypto_kem.h">
      <Filter>Header Files\McEliece</Filter>
    </ClInclude>
    <ClInclude Include="NewHope\ref\ccakem.h">
      <Filter>Header Files\NewHope</Filter>
    </ClInclude>
    <ClInclude Include="NewHope\ref\cpapke.h">
      <Filter>Header Files\NewHope</Filter>
    </ClInclude>
    <ClInclude Include="NewHope\ref\fips202.h">
      <Filter>Header Files\NewHope</Filter>
    </ClInclude>
    <ClInclude Include="NewHope\ref\ntt.h">
      <Filter>Header Files\NewHope</Filter>
    </ClInclude>
    <ClInclude Include="NewHope\ref\params.h">
      <Filter>Header Files\NewHope</Filter>
    </ClInclude>
    <ClInclude Include="NewHope\ref\poly.h">
      <Filter>Header Files\NewHope</Filter>
    </ClInclude>
    <ClInclude Include="NewHope\ref\reduce.h">
      <Filter>Header Files\NewHope</Filter>
    </ClInclude>
    <ClInclude Include="NewHope\ref\verify.h">
      <Filter>Header Files\NewHope</Filter>
    </ClInclude>
    <ClInclude Include="Common\Random.h">
      <Filter>Header Files\Common</Filter>
    </ClInclude>
    <ClInclude Include="pch.h">
      <Filter>Header Files</Filter>
    </ClInclude>
    <ClInclude Include="NTRUPrime\Optimized_Implementation\kem\sntrup857\aes256ctr.h">
      <Filter>Header Files\NTRUPrime</Filter>
    </ClInclude>
    <ClInclude Include="NTRUPrime\Optimized_Implementation\kem\sntrup857\crypto_kem_sntrup857.h">
      <Filter>Header Files\NTRUPrime</Filter>
    </ClInclude>
    <ClInclude Include="NTRUPrime\Optimized_Implementation\kem\sntrup857\Decode.h">
      <Filter>Header Files\NTRUPrime</Filter>
    </ClInclude>
    <ClInclude Include="NTRUPrime\Optimized_Implementation\kem\sntrup857\Encode.h">
      <Filter>Header Files\NTRUPrime</Filter>
    </ClInclude>
    <ClInclude Include="NTRUPrime\Optimized_Implementation\kem\sntrup857\int8.h">
      <Filter>Header Files\NTRUPrime</Filter>
    </ClInclude>
    <ClInclude Include="NTRUPrime\Optimized_Implementation\kem\sntrup857\int16.h">
      <Filter>Header Files\NTRUPrime</Filter>
    </ClInclude>
    <ClInclude Include="NTRUPrime\Optimized_Implementation\kem\sntrup857\int32.h">
      <Filter>Header Files\NTRUPrime</Filter>
    </ClInclude>
    <ClInclude Include="NTRUPrime\Optimized_Implementation\kem\sntrup857\params.h">
      <Filter>Header Files\NTRUPrime</Filter>
    </ClInclude>
    <ClInclude Include="NTRUPrime\Optimized_Implementation\kem\sntrup857\paramsmenu.h">
      <Filter>Header Files\NTRUPrime</Filter>
    </ClInclude>
    <ClInclude Include="NTRUPrime\Optimized_Implementation\kem\sntrup857\randombytes.h">
      <Filter>Header Files\NTRUPrime</Filter>
    </ClInclude>
    <ClInclude Include="NTRUPrime\Optimized_Implementation\kem\sntrup857\sha512.h">
      <Filter>Header Files\NTRUPrime</Filter>
    </ClInclude>
    <ClInclude Include="NTRUPrime\Optimized_Implementation\kem\sntrup857\uint16.h">
      <Filter>Header Files\NTRUPrime</Filter>
    </ClInclude>
    <ClInclude Include="NTRUPrime\Optimized_Implementation\kem\sntrup857\uint32.h">
      <Filter>Header Files\NTRUPrime</Filter>
    </ClInclude>
    <ClInclude Include="NTRUPrime\Optimized_Implementation\kem\sntrup857\uint64.h">
      <Filter>Header Files\NTRUPrime</Filter>
    </ClInclude>
    <ClInclude Include="NTRUPrime\Optimized_Implementation\kem\sntrup857\crypto_kem.h">
      <Filter>Header Files\NTRUPrime</Filter>
    </ClInclude>
  </ItemGroup>
  <ItemGroup>
    <ClCompile Include="McEliece\Optimized_Implementation\kem\mceliece8192128\controlbits.c">
      <Filter>Source Files\McEliece</Filter>
    </ClCompile>
    <ClCompile Include="McEliece\Optimized_Implementation\kem\mceliece8192128\benes.c">
      <Filter>Source Files\McEliece</Filter>
    </ClCompile>
    <ClCompile Include="McEliece\Optimized_Implementation\kem\mceliece8192128\bm.c">
      <Filter>Source Files\McEliece</Filter>
    </ClCompile>
    <ClCompile Include="McEliece\Optimized_Implementation\kem\mceliece8192128\decrypt.c">
      <Filter>Source Files\McEliece</Filter>
    </ClCompile>
    <ClCompile Include="McEliece\Optimized_Implementation\kem\mceliece8192128\encrypt.c">
      <Filter>Source Files\McEliece</Filter>
    </ClCompile>
    <ClCompile Include="McEliece\Optimized_Implementation\kem\mceliece8192128\gf.c">
      <Filter>Source Files\McEliece</Filter>
    </ClCompile>
    <ClCompile Include="McEliece\Optimized_Implementation\kem\mceliece8192128\operations.c">
      <Filter>Source Files\McEliece</Filter>
    </ClCompile>
    <ClCompile Include="McEliece\Optimized_Implementation\kem\mceliece8192128\pk_gen.c">
      <Filter>Source Files\McEliece</Filter>
    </ClCompile>
    <ClCompile Include="McEliece\Optimized_Implementation\kem\mceliece8192128\root.c">
      <Filter>Source Files\McEliece</Filter>
    </ClCompile>
    <ClCompile Include="McEliece\Optimized_Implementation\kem\mceliece8192128\synd.c">
      <Filter>Source Files\McEliece</Filter>
    </ClCompile>
    <ClCompile Include="McEliece\Optimized_Implementation\kem\mceliece8192128\util.c">
      <Filter>Source Files\McEliece</Filter>
    </ClCompile>
    <ClCompile Include="McEliece\Optimized_Implementation\kem\mceliece8192128\transpose.c">
      <Filter>Source Files\McEliece</Filter>
    </ClCompile>
    <ClCompile Include="SipHash\siphash.c">
      <Filter>Source Files\SipHash</Filter>
    </ClCompile>
    <ClCompile Include="McEliece\Optimized_Implementation\kem\mceliece8192128\sk_gen.c">
      <Filter>Source Files\McEliece</Filter>
    </ClCompile>
    <ClCompile Include="NewHope\ref\ccakem.c">
      <Filter>Source Files\NewHope</Filter>
    </ClCompile>
    <ClCompile Include="NewHope\ref\cpapke.c">
      <Filter>Source Files\NewHope</Filter>
    </ClCompile>
    <ClCompile Include="NewHope\ref\fips202.c">
      <Filter>Source Files\NewHope</Filter>
    </ClCompile>
    <ClCompile Include="NewHope\ref\ntt.c">
      <Filter>Source Files\NewHope</Filter>
    </ClCompile>
    <ClCompile Include="NewHope\ref\poly.c">
      <Filter>Source Files\NewHope</Filter>
    </ClCompile>
    <ClCompile Include="NewHope\ref\precomp.c">
      <Filter>Source Files\NewHope</Filter>
    </ClCompile>
    <ClCompile Include="NewHope\ref\reduce.c">
      <Filter>Source Files\NewHope</Filter>
    </ClCompile>
    <ClCompile Include="NewHope\ref\verify.c">
      <Filter>Source Files\NewHope</Filter>
    </ClCompile>
    <ClCompile Include="Common\Random.c">
      <Filter>Source Files\Common</Filter>
    </ClCompile>
    <ClCompile Include="pch.cpp">
      <Filter>Source Files</Filter>
    </ClCompile>
    <ClCompile Include="NTRUPrime\Optimized_Implementation\kem\sntrup857\aes256ctr.c">
      <Filter>Source Files\NTRUPrime</Filter>
    </ClCompile>
    <ClCompile Include="NTRUPrime\Optimized_Implementation\kem\sntrup857\Decode.c">
      <Filter>Source Files\NTRUPrime</Filter>
    </ClCompile>
    <ClCompile Include="NTRUPrime\Optimized_Implementation\kem\sntrup857\Encode.c">
      <Filter>Source Files\NTRUPrime</Filter>
    </ClCompile>
    <ClCompile Include="NTRUPrime\Optimized_Implementation\kem\sntrup857\int32.c">
      <Filter>Source Files\NTRUPrime</Filter>
    </ClCompile>
    <ClCompile Include="NTRUPrime\Optimized_Implementation\kem\sntrup857\kem.c">
      <Filter>Source Files\NTRUPrime</Filter>
    </ClCompile>
    <ClCompile Include="NTRUPrime\Optimized_Implementation\kem\sntrup857\sha512.c">
      <Filter>Source Files\NTRUPrime</Filter>
    </ClCompile>
    <ClCompile Include="NTRUPrime\Optimized_Implementation\kem\sntrup857\uint32.c">
      <Filter>Source Files\NTRUPrime</Filter>
    </ClCompile>
    <ClCompile Include="NTRUPrime\Optimized_Implementation\kem\sntrup857\uint32_sort.c">
      <Filter>Source Files\NTRUPrime</Filter>
    </ClCompile>
  </ItemGroup>
</Project>