<?xml version="1.0" encoding="utf-8"?>
<Project ToolsVersion="4.0" xmlns="http://schemas.microsoft.com/developer/msbuild/2003">
  <ItemGroup>
    <Filter Include="Source Files">
      <UniqueIdentifier>{4FC737F1-C7A5-4376-A066-2A32D752A2FF}</UniqueIdentifier>
      <Extensions>cpp;c;cc;cxx;def;odl;idl;hpj;bat;asm;asmx</Extensions>
    </Filter>
    <Filter Include="Header Files">
      <UniqueIdentifier>{93995380-89BD-4b04-88EB-625FBE52EBFB}</UniqueIdentifier>
      <Extensions>h;hh;hpp;hxx;hm;inl;inc;xsd</Extensions>
    </Filter>
    <Filter Include="Resource Files">
      <UniqueIdentifier>{67DA6AB6-F800-4c08-8B7A-83BB121AAD01}</UniqueIdentifier>
      <Extensions>rc;ico;cur;bmp;dlg;rc2;rct;bin;rgs;gif;jpg;jpeg;jpe;resx;tiff;tif;png;wav;mfcribbon-ms</Extensions>
    </Filter>
    <Filter Include="Source Files\Socks5Extender">
      <UniqueIdentifier>{5371d554-fddf-4cc1-b11a-9fee098b5f5d}</UniqueIdentifier>
    </Filter>
    <Filter Include="Header Files\Socks5Extender">
      <UniqueIdentifier>{8ceb5aa3-d52a-4704-ac04-5cb29bf28ce0}</UniqueIdentifier>
    </Filter>
    <Filter Include="Source Files\AVExtender">
      <UniqueIdentifier>{a72f4d35-6e82-4297-a59e-1d16090c5c32}</UniqueIdentifier>
    </Filter>
    <Filter Include="Header Files\AVExtender">
      <UniqueIdentifier>{c91241a8-46c3-4ec7-9ee1-dfd18bb7dfeb}</UniqueIdentifier>
    </Filter>
  </ItemGroup>
  <ItemGroup>
    <ClInclude Include="targetver.h">
      <Filter>Header Files</Filter>
    </ClInclude>
    <ClInclude Include="Resource.h">
      <Filter>Header Files</Filter>
    </ClInclude>
    <ClInclude Include="Benchmarks.h">
      <Filter>Header Files</Filter>
    </ClInclude>
    <ClInclude Include="Attacks.h">
      <Filter>Header Files</Filter>
    </ClInclude>
    <ClInclude Include="CIPFiltersDlg.h">
      <Filter>Header Files</Filter>
    </ClInclude>
    <ClInclude Include="Stress.h">
      <Filter>Header Files</Filter>
    </ClInclude>
    <ClInclude Include="CSecurityDlg.h">
      <Filter>Header Files</Filter>
    </ClInclude>
    <ClInclude Include="CDialogBase.h">
      <Filter>Header Files</Filter>
    </ClInclude>
    <ClInclude Include="CAuthenticationDlg.h">
      <Filter>Header Files</Filter>
    </ClInclude>
    <ClInclude Include="CIPSubnetLimitsDlg.h">
      <Filter>Header Files</Filter>
    </ClInclude>
    <ClInclude Include="CUUIDDialog.h">
      <Filter>Header Files</Filter>
    </ClInclude>
    <ClInclude Include="CPeerAccessDlg.h">
      <Filter>Header Files</Filter>
    </ClInclude>
    <ClInclude Include="CAlgorithmsDlg.h">
      <Filter>Header Files</Filter>
    </ClInclude>
    <ClInclude Include="TestApp.h">
      <Filter>Header Files</Filter>
    </ClInclude>
    <ClInclude Include="TestAppConsole.h">
      <Filter>Header Files</Filter>
    </ClInclude>
    <ClInclude Include="TestAppDlg.h">
      <Filter>Header Files</Filter>
    </ClInclude>
    <ClInclude Include="..\Socks5Extender\Socks5Connection.h">
      <Filter>Header Files\Socks5Extender</Filter>
    </ClInclude>
    <ClInclude Include="..\Socks5Extender\Socks5Extender.h">
      <Filter>Header Files\Socks5Extender</Filter>
    </ClInclude>
    <ClInclude Include="..\Socks5Extender\Socks5Protocol.h">
      <Filter>Header Files\Socks5Extender</Filter>
    </ClInclude>
    <ClInclude Include="..\Socks5Extender\Socks5Socket.h">
      <Filter>Header Files\Socks5Extender</Filter>
    </ClInclude>
    <ClInclude Include="..\StressExtender\StressExtender.h">
      <Filter>Header Files</Filter>
    </ClInclude>
    <ClInclude Include="..\TestExtender\TestExtender.h">
      <Filter>Header Files</Filter>
    </ClInclude>
    <ClInclude Include="CTestAppDlgMainTab.h">
      <Filter>Header Files</Filter>
    </ClInclude>
    <ClInclude Include="CTestAppDlgTestExtenderTab.h">
      <Filter>Header Files</Filter>
    </ClInclude>
    <ClInclude Include="CSettingsDlg.h">
      <Filter>Header Files</Filter>
    </ClInclude>
    <ClInclude Include="CEndpointDlg.h">
      <Filter>Header Files</Filter>
    </ClInclude>
    <ClInclude Include="CIPReputationsDlg.h">
      <Filter>Header Files</Filter>
    </ClInclude>
    <ClInclude Include="CInformationDlg.h">
      <Filter>Header Files</Filter>
    </ClInclude>
    <ClInclude Include="CPingDlg.h">
      <Filter>Header Files</Filter>
    </ClInclude>
    <ClInclude Include="CTestAppDlgAVExtenderTab.h">
      <Filter>Header Files</Filter>
    </ClInclude>
    <ClInclude Include="CTabBase.h">
      <Filter>Header Files</Filter>
    </ClInclude>
    <ClInclude Include="..\AVExtender\AudioRenderer.h">
      <Filter>Header Files\AVExtender</Filter>
    </ClInclude>
    <ClInclude Include="..\AVExtender\AudioResampler.h">
      <Filter>Header Files\AVExtender</Filter>
    </ClInclude>
    <ClInclude Include="..\AVExtender\AudioSourceReader.h">
      <Filter>Header Files\AVExtender</Filter>
    </ClInclude>
    <ClInclude Include="..\AVExtender\AVErrorCode.h">
      <Filter>Header Files\AVExtender</Filter>
    </ClInclude>
    <ClInclude Include="..\AVExtender\AVExtender.h">
      <Filter>Header Files\AVExtender</Filter>
    </ClInclude>
    <ClInclude Include="..\AVExtender\Call.h">
      <Filter>Header Files\AVExtender</Filter>
    </ClInclude>
    <ClInclude Include="..\AVExtender\CaptureDevice.h">
      <Filter>Header Files\AVExtender</Filter>
    </ClInclude>
    <ClInclude Include="..\AVExtender\Common.h">
      <Filter>Header Files\AVExtender</Filter>
    </ClInclude>
    <ClInclude Include="..\AVExtender\Protocol.h">
      <Filter>Header Files\AVExtender</Filter>
    </ClInclude>
    <ClInclude Include="..\AVExtender\SourceReader.h">
      <Filter>Header Files\AVExtender</Filter>
    </ClInclude>
    <ClInclude Include="..\AVExtender\VideoCompressor.h">
      <Filter>Header Files\AVExtender</Filter>
    </ClInclude>
    <ClInclude Include="..\AVExtender\VideoResampler.h">
      <Filter>Header Files\AVExtender</Filter>
    </ClInclude>
    <ClInclude Include="..\AVExtender\VideoSourceReader.h">
      <Filter>Header Files\AVExtender</Filter>
    </ClInclude>
    <ClInclude Include="..\AVExtender\VideoResizer.h">
      <Filter>Header Files\AVExtender</Filter>
    </ClInclude>
    <ClInclude Include="..\AVExtender\VideoRenderer.h">
      <Filter>Header Files\AVExtender</Filter>
    </ClInclude>
    <ClInclude Include="..\AVExtender\AudioCompressor.h">
      <Filter>Header Files\AVExtender</Filter>
    </ClInclude>
    <ClInclude Include="..\AVExtender\Compressor.h">
      <Filter>Header Files\AVExtender</Filter>
    </ClInclude>
    <ClInclude Include="pch.h">
      <Filter>Header Files</Filter>
    </ClInclude>
    <ClInclude Include="framework.h">
      <Filter>Header Files</Filter>
    </ClInclude>
    <ClInclude Include="CSocks5ExtenderConfigurationDlg.h">
      <Filter>Header Files</Filter>
    </ClInclude>
  </ItemGroup>
  <ItemGroup>
    <ClCompile Include="Benchmarks.cpp">
      <Filter>Source Files</Filter>
    </ClCompile>
    <ClCompile Include="Attacks.cpp">
      <Filter>Source Files</Filter>
    </ClCompile>
    <ClCompile Include="CIPFiltersDlg.cpp">
      <Filter>Source Files</Filter>
    </ClCompile>
    <ClCompile Include="Stress.cpp">
      <Filter>Source Files</Filter>
    </ClCompile>
    <ClCompile Include="CSecurityDlg.cpp">
      <Filter>Source Files</Filter>
    </ClCompile>
    <ClCompile Include="CDialogBase.cpp">
      <Filter>Source Files</Filter>
    </ClCompile>
    <ClCompile Include="CAuthenticationDlg.cpp">
      <Filter>Source Files</Filter>
    </ClCompile>
    <ClCompile Include="CIPSubnetLimitsDlg.cpp">
      <Filter>Source Files</Filter>
    </ClCompile>
    <ClCompile Include="CUUIDDialog.cpp">
      <Filter>Source Files</Filter>
    </ClCompile>
    <ClCompile Include="CPeerAccessDlg.cpp">
      <Filter>Source Files</Filter>
    </ClCompile>
    <ClCompile Include="CAlgorithmsDlg.cpp">
      <Filter>Source Files</Filter>
    </ClCompile>
    <ClCompile Include="..\Socks5Extender\Socks5Connection.cpp">
      <Filter>Source Files\Socks5Extender</Filter>
    </ClCompile>
    <ClCompile Include="..\Socks5Extender\Socks5Extender.cpp">
      <Filter>Source Files\Socks5Extender</Filter>
    </ClCompile>
    <ClCompile Include="TestApp.cpp">
      <Filter>Source Files</Filter>
    </ClCompile>
    <ClCompile Include="TestAppConsole.cpp">
      <Filter>Source Files</Filter>
    </ClCompile>
    <ClCompile Include="TestAppDlg.cpp">
      <Filter>Source Files</Filter>
    </ClCompile>
    <ClCompile Include="..\StressExtender\StressExtender.cpp">
      <Filter>Source Files</Filter>
    </ClCompile>
    <ClCompile Include="..\TestExtender\TestExtender.cpp">
      <Filter>Source Files</Filter>
    </ClCompile>
    <ClCompile Include="CTestAppDlgMainTab.cpp">
      <Filter>Source Files</Filter>
    </ClCompile>
    <ClCompile Include="CTestAppDlgTestExtenderTab.cpp">
      <Filter>Source Files</Filter>
    </ClCompile>
    <ClCompile Include="CSettingsDlg.cpp">
      <Filter>Source Files</Filter>
    </ClCompile>
    <ClCompile Include="CEndpointDlg.cpp">
      <Filter>Source Files</Filter>
    </ClCompile>
    <ClCompile Include="CIPReputationsDlg.cpp">
      <Filter>Source Files</Filter>
    </ClCompile>
    <ClCompile Include="CInformationDlg.cpp">
      <Filter>Source Files</Filter>
    </ClCompile>
    <ClCompile Include="CPingDlg.cpp">
      <Filter>Source Files</Filter>
    </ClCompile>
    <ClCompile Include="..\AVExtender\AVExtender.cpp">
      <Filter>Source Files\AVExtender</Filter>
    </ClCompile>
    <ClCompile Include="..\AVExtender\VideoSourceReader.cpp">
      <Filter>Source Files\AVExtender</Filter>
    </ClCompile>
    <ClCompile Include="CTestAppDlgAVExtenderTab.cpp">
      <Filter>Source Files</Filter>
    </ClCompile>
    <ClCompile Include="CTabBase.cpp">
      <Filter>Source Files</Filter>
    </ClCompile>
    <ClCompile Include="..\AVExtender\AVErrorCode.cpp">
      <Filter>Source Files\AVExtender</Filter>
    </ClCompile>
    <ClCompile Include="..\AVExtender\AudioSourceReader.cpp">
      <Filter>Source Files\AVExtender</Filter>
    </ClCompile>
    <ClCompile Include="..\AVExtender\SourceReader.cpp">
      <Filter>Source Files\AVExtender</Filter>
    </ClCompile>
    <ClCompile Include="..\AVExtender\AudioRenderer.cpp">
      <Filter>Source Files\AVExtender</Filter>
    </ClCompile>
    <ClCompile Include="..\AVExtender\AudioResampler.cpp">
      <Filter>Source Files\AVExtender</Filter>
    </ClCompile>
    <ClCompile Include="..\AVExtender\Call.cpp">
      <Filter>Source Files\AVExtender</Filter>
    </ClCompile>
    <ClCompile Include="..\AVExtender\VideoCompressor.cpp">
      <Filter>Source Files\AVExtender</Filter>
    </ClCompile>
    <ClCompile Include="..\AVExtender\VideoResampler.cpp">
      <Filter>Source Files\AVExtender</Filter>
    </ClCompile>
    <ClCompile Include="..\AVExtender\VideoResizer.cpp">
      <Filter>Source Files\AVExtender</Filter>
    </ClCompile>
    <ClCompile Include="..\AVExtender\VideoRenderer.cpp">
      <Filter>Source Files\AVExtender</Filter>
    </ClCompile>
    <ClCompile Include="..\AVExtender\AudioCompressor.cpp">
      <Filter>Source Files\AVExtender</Filter>
    </ClCompile>
    <ClCompile Include="..\AVExtender\Compressor.cpp">
      <Filter>Source Files\AVExtender</Filter>
    </ClCompile>
    <ClCompile Include="pch.cpp">
      <Filter>Source Files</Filter>
    </ClCompile>
    <ClCompile Include="CSocks5ExtenderConfigurationDlg.cpp">
      <Filter>Source Files</Filter>
    </ClCompile>
  </ItemGroup>
  <ItemGroup>
    <Image Include="res\quantumgate.ico">
      <Filter>Resource Files</Filter>
    </Image>
    <Image Include="res\TestApp.ico">
      <Filter>Resource Files</Filter>
    </Image>
  </ItemGroup>
  <ItemGroup>
    <ResourceCompile Include="TestApp.rc">
      <Filter>Resource Files</Filter>
    </ResourceCompile>
  </ItemGroup>
  <ItemGroup>
    <None Include="res\TestApp.rc2">
      <Filter>Resource Files</Filter>
    </None>
  </ItemGroup>
</Project>