<?xml version="1.0" encoding="utf-8"?>
<Project ToolsVersion="4.0" xmlns="http://schemas.microsoft.com/developer/msbuild/2003">
  <ItemGroup>
    <Filter Include="Source Files">
      <UniqueIdentifier>{4FC737F1-C7A5-4376-A066-2A32D752A2FF}</UniqueIdentifier>
      <Extensions>cpp;c;cc;cxx;def;odl;idl;hpj;bat;asm;asmx</Extensions>
    </Filter>
    <Filter Include="Header Files">
      <UniqueIdentifier>{93995380-89BD-4b04-88EB-625FBE52EBFB}</UniqueIdentifier>
      <Extensions>h;hh;hpp;hxx;hm;inl;inc;xsd</Extensions>
    </Filter>
    <Filter Include="Resource Files">
      <UniqueIdentifier>{67DA6AB6-F800-4c08-8B7A-83BB121AAD01}</UniqueIdentifier>
      <Extensions>rc;ico;cur;bmp;dlg;rc2;rct;bin;rgs;gif;jpg;jpeg;jpe;resx;tiff;tif;png;wav;mfcribbon-ms</Extensions>
    </Filter>
  </ItemGroup>
  <ItemGroup>
    <ClInclude Include="targetver.h">
      <Filter>Header Files</Filter>
    </ClInclude>
    <ClInclude Include="Common.h">
      <Filter>Header Files</Filter>
    </ClInclude>
    <ClInclude Include="pch.h">
      <Filter>Header Files</Filter>
    </ClInclude>
  </ItemGroup>
  <ItemGroup>
    <ClCompile Include="CryptoTests.cpp">
      <Filter>Source Files</Filter>
    </ClCompile>
    <ClCompile Include="BufferReaderWriterTests.cpp">
      <Filter>Source Files</Filter>
    </ClCompile>
    <ClCompile Include="BufferTests.cpp">
      <Filter>Source Files</Filter>
    </ClCompile>
    <ClCompile Include="BufferViewTests.cpp">
      <Filter>Source Files</Filter>
    </ClCompile>
    <ClCompile Include="CallbackTests.cpp">
      <Filter>Source Files</Filter>
    </ClCompile>
    <ClCompile Include="CompressionTests.cpp">
      <Filter>Source Files</Filter>
    </ClCompile>
    <ClCompile Include="DispatcherTests.cpp">
      <Filter>Source Files</Filter>
    </ClCompile>
    <ClCompile Include="EndianTests.cpp">
      <Filter>Source Files</Filter>
    </ClCompile>
    <ClCompile Include="HashTests.cpp">
      <Filter>Source Files</Filter>
    </ClCompile>
    <ClCompile Include="AddressAccessControlTests.cpp">
      <Filter>Source Files</Filter>
    </ClCompile>
    <ClCompile Include="IPAddressTests.cpp">
      <Filter>Source Files</Filter>
    </ClCompile>
    <ClCompile Include="IPEndPointTests.cpp">
      <Filter>Source Files</Filter>
    </ClCompile>
    <ClCompile Include="IPFiltersTests.cpp">
      <Filter>Source Files</Filter>
    </ClCompile>
    <ClCompile Include="IPSubnetLimitsTests.cpp">
      <Filter>Source Files</Filter>
    </ClCompile>
    <ClCompile Include="PeerAccessControlTests.cpp">
      <Filter>Source Files</Filter>
    </ClCompile>
    <ClCompile Include="PeerLookupTests.cpp">
      <Filter>Source Files</Filter>
    </ClCompile>
    <ClCompile Include="ResultTests.cpp">
      <Filter>Source Files</Filter>
    </ClCompile>
    <ClCompile Include="ScopeGuardTests.cpp">
      <Filter>Source Files</Filter>
    </ClCompile>
    <ClCompile Include="ThreadLocalCacheTests.cpp">
      <Filter>Source Files</Filter>
    </ClCompile>
    <ClCompile Include="UUIDTests.cpp">
      <Filter>Source Files</Filter>
    </ClCompile>
    <ClCompile Include="PeerExtenderUUIDsTest.cpp">
      <Filter>Source Files</Filter>
    </ClCompile>
    <ClCompile Include="dllmain.cpp">
      <Filter>Source Files</Filter>
    </ClCompile>
    <ClCompile Include="PublicEndpointsTests.cpp">
      <Filter>Source Files</Filter>
    </ClCompile>
    <ClCompile Include="BinaryIPAddressTests.cpp">
      <Filter>Source Files</Filter>
    </ClCompile>
    <ClCompile Include="PingTests.cpp">
      <Filter>Source Files</Filter>
    </ClCompile>
    <ClCompile Include="SocketTests.cpp">
      <Filter>Source Files</Filter>
    </ClCompile>
    <ClCompile Include="ThreadSafeTests.cpp">
      <Filter>Source Files</Filter>
    </ClCompile>
    <ClCompile Include="UtilTests.cpp">
      <Filter>Source Files</Filter>
    </ClCompile>
    <ClCompile Include="RingBufferTests.cpp">
      <Filter>Source Files</Filter>
    </ClCompile>
    <ClCompile Include="pch.cpp">
      <Filter>Source Files</Filter>
    </ClCompile>
    <ClCompile Include="EventTests.cpp">
      <Filter>Source Files</Filter>
    </ClCompile>
    <ClCompile Include="EventGroupTests.cpp">
      <Filter>Source Files</Filter>
    </ClCompile>
    <ClCompile Include="RateLimitTests.cpp">
      <Filter>Source Files</Filter>
    </ClCompile>
    <ClCompile Include="StackBufferTests.cpp">
      <Filter>Source Files</Filter>
    </ClCompile>
    <ClCompile Include="EventCompositeTests.cpp">
      <Filter>Source Files</Filter>
    </ClCompile>
    <ClCompile Include="WrappedTests.cpp">
      <Filter>Source Files</Filter>
    </ClCompile>
    <ClCompile Include="UDPConnectionCookiesTests.cpp">
      <Filter>Source Files</Filter>
    </ClCompile>
    <ClCompile Include="BinaryBTHAddressTests.cpp">
      <Filter>Source Files</Filter>
    </ClCompile>
    <ClCompile Include="BTHAddressTests.cpp">
      <Filter>Source Files</Filter>
    </ClCompile>
    <ClCompile Include="BTHEndpointTests.cpp">
      <Filter>Source Files</Filter>
    </ClCompile>
    <ClCompile Include="AddressTests.cpp">
      <Filter>Source Files</Filter>
    </ClCompile>
    <ClCompile Include="EndpointTests.cpp">
      <Filter>Source Files</Filter>
    </ClCompile>
    <ClCompile Include="BinaryIMFAddressTests.cpp">
      <Filter>Source Files</Filter>
    </ClCompile>
    <ClCompile Include="IMFAddressTests.cpp">
      <Filter>Source Files</Filter>
    </ClCompile>
    <ClCompile Include="IMFEndpointTests.cpp">
      <Filter>Source Files</Filter>
    </ClCompile>
  </ItemGroup>
</Project>